<Solution>
  <Folder Name="/src/">
    <Project Path="src/Broiler.Input.All/Broiler.Input.All.csproj" />
    <Project Path="src/Broiler.Input.Android/Broiler.Input.Android.csproj" />
    <Project Path="src/Broiler.Input.Camera.Windows/Broiler.Input.Camera.Windows.csproj">
      <Build Project="false" />
    </Project>
    <Project Path="src/Broiler.Input.Camera/Broiler.Input.Camera.csproj" />
    <Project Path="src/Broiler.Input.Keyboard.Android/Broiler.Input.Keyboard.Android.csproj" />
    <Project Path="src/Broiler.Input.Keyboard.Linux/Broiler.Input.Keyboard.Linux.csproj">
      <Build Project="false" />
    </Project>
    <Project Path="src/Broiler.Input.Keyboard.Windows/Broiler.Input.Keyboard.Windows.csproj">
      <Build Project="false" />
    </Project>
    <Project Path="src/Broiler.Input.Keyboard/Broiler.Input.Keyboard.csproj" />
    <Project Path="src/Broiler.Input.Legacy/Broiler.Input.Legacy.csproj" />
    <Project Path="src/Broiler.Input.Linux.Diagnostic/Broiler.Input.Linux.Diagnostic.csproj">
      <Build Project="false" />
    </Project>
    <Project Path="src/Broiler.Input.Linux/Broiler.Input.Linux.csproj">
      <Build Project="false" />
    </Project>
    <Project Path="src/Broiler.Input.Microphone.Windows/Broiler.Input.Microphone.Windows.csproj">
      <Build Project="false" />
    </Project>
    <Project Path="src/Broiler.Input.Microphone/Broiler.Input.Microphone.csproj" />
    <Project Path="src/Broiler.Input.Mouse.Linux/Broiler.Input.Mouse.Linux.csproj">
      <Build Project="false" />
    </Project>
    <Project Path="src/Broiler.Input.Mouse.Windows/Broiler.Input.Mouse.Windows.csproj">
      <Build Project="false" />
    </Project>
    <Project Path="src/Broiler.Input.Mouse/Broiler.Input.Mouse.csproj" />
    <Project Path="src/Broiler.Input.Pen.Android/Broiler.Input.Pen.Android.csproj" />
    <Project Path="src/Broiler.Input.Pen/Broiler.Input.Pen.csproj" />
    <Project Path="src/Broiler.Input.Text.Android/Broiler.Input.Text.Android.csproj" />
    <Project Path="src/Broiler.Input.Text/Broiler.Input.Text.csproj" />
    <Project Path="src/Broiler.Input.Touch.Android/Broiler.Input.Touch.Android.csproj" />
    <Project Path="src/Broiler.Input.Touch/Broiler.Input.Touch.csproj" />
    <Project Path="src/Broiler.Input.Windows/Broiler.Input.Windows.csproj">
      <Build Project="false" />
    </Project>
    <Project Path="src/Broiler.Input/Broiler.Input.csproj" />
  </Folder>
  <Folder Name="/tests/">
    <Project Path="src/tests/Broiler.Input.Android.Tests/Broiler.Input.Android.Tests.csproj" />
    <Project Path="src/tests/Broiler.Input.Contract.Tests/Broiler.Input.Contract.Tests.csproj">
      <Build Project="false" />
    </Project>
    <Project Path="src/tests/Broiler.Input.Linux.Tests/Broiler.Input.Linux.Tests.csproj">
      <Build Project="false" />
    </Project>
    <Project Path="src/tests/Broiler.Input.Testing/Broiler.Input.Testing.csproj" />
  </Folder>
</Solution>